# This file is automatically @generated by Cargo.
# It is not intended for manual editing.
version = 4

[[package]]
name = "bitflags"
version = "0.3.3"
source = "registry+https://github.com/rust-lang/crates.io-index"
checksum = "32866f4d103c4e438b1db1158aa1b1a80ee078e5d77a59a2f906fd62a577389c"

[[package]]
name = "cookie"
version = "0.2.5"
source = "registry+https://github.com/rust-lang/crates.io-index"
checksum = "0e3d6405328b6edb412158b3b7710e2634e23f3614b9bb1c412df7952489a626"
dependencies = [
 "openssl",
 "rustc-serialize",
 "time",
 "url 1.7.2",
]

[[package]]
name = "debug_unreachable"
version = "0.0.6"
source = "registry+https://github.com/rust-lang/crates.io-index"
checksum = "86f07711357fc90bb30eb6885ac52ae4a271527309d0b4b66551fe76918ebf78"
dependencies = [
 "unreachable",
]

[[package]]
name = "encoding"
version = "0.2.32"
source = "registry+https://github.com/rust-lang/crates.io-index"
checksum = "1119ca1c88774efeed1a7926958e212e02af7437bdeab8520dbc7aa1abde3026"
dependencies = [
 "encoding-index-japanese",
 "encoding-index-korean",
 "encoding-index-simpchinese",
 "encoding-index-singlebyte",
 "encoding-index-tradchinese",
]

[[package]]
name = "encoding-index-japanese"
version = "1.20141219.5"
source = "registry+https://github.com/rust-lang/crates.io-index"
checksum = "04e8b2ff42e9a05335dbf8b5c6f7567e5591d0d916ccef4e0b1710d32a0d0c91"
dependencies = [
 "encoding_index_tests",
]

[[package]]
name = "encoding-index-korean"
version = "1.20141219.5"
source = "registry+https://github.com/rust-lang/crates.io-index"
checksum = "4dc33fb8e6bcba213fe2f14275f0963fd16f0a02c878e3095ecfdf5bee529d81"
dependencies = [
 "encoding_index_tests",
]

[[package]]
name = "encoding-index-simpchinese"
version = "1.20141219.5"
source = "registry+https://github.com/rust-lang/crates.io-index"
checksum = "d87a7194909b9118fc707194baa434a4e3b0fb6a5a757c73c3adb07aa25031f7"
dependencies = [
 "encoding_index_tests",
]

[[package]]
name = "encoding-index-singlebyte"
version = "1.20141219.5"
source = "registry+https://github.com/rust-lang/crates.io-index"
checksum = "3351d5acffb224af9ca265f435b859c7c01537c0849754d3db3fdf2bfe2ae84a"
dependencies = [
 "encoding_index_tests",
]

[[package]]
name = "encoding-index-tradchinese"
version = "1.20141219.5"
source = "registry+https://github.com/rust-lang/crates.io-index"
checksum = "fd0e20d5688ce3cab59eb3ef3a2083a5c77bf496cb798dc6fcdb75f323890c18"
dependencies = [
 "encoding_index_tests",
]

[[package]]
name = "encoding_index_tests"
version = "0.1.4"
source = "registry+https://github.com/rust-lang/crates.io-index"
checksum = "a246d82be1c9d791c5dfde9a2bd045fc3cbba3fa2b11ad558f27d01712f00569"

[[package]]
name = "futf"
version = "0.1.1"
source = "registry+https://github.com/rust-lang/crates.io-index"
checksum = "54cea015d7bec1876027ba9da1cf4231a6b95a60c418dd9056a9a558f0508016"
dependencies = [
 "debug_unreachable",
 "mac",
]

[[package]]
name = "gcc"
version = "0.3.24"
source = "registry+https://github.com/rust-lang/crates.io-index"
checksum = "fe63973b8ab2a04612370bb02df84a61510f575144032fa7b6952bf4b6f9ab4c"

[[package]]
name = "gdi32-sys"
version = "0.1.1"
source = "registry+https://github.com/rust-lang/crates.io-index"
checksum = "65256ec4dc2592e6f05bfc1ca3b956a4e0698aa90b1dff1f5687d55a5a3fd59a"
dependencies = [
 "winapi",
]

[[package]]
name = "hpack"
version = "0.2.0"
source = "registry+https://github.com/rust-lang/crates.io-index"
checksum = "3d2da7d3a34cf6406d9d700111b8eafafe9a251de41ae71d8052748259343b58"
dependencies = [
 "log",
]

[[package]]
name = "html5ever"
version = "0.5.1"
source = "registry+https://github.com/rust-lang/crates.io-index"
checksum = "16afe1f7b7a0716f6710cfff344ea039fdc63fa44240f5703d372aa166c07f2c"
dependencies = [
 "log",
 "mac",
 "phf",
 "phf_codegen",
 "rustc-serialize",
 "string_cache",
 "tendril",
 "time",
]

[[package]]
name = "httparse"
version = "1.1.1"
source = "registry+https://github.com/rust-lang/crates.io-index"
checksum = "3ed8e190c5c20526ecc81c46ad598ea70d73d76ed7f818cbe11d4e9360ab1f29"

[[package]]
name = "hyper"
version = "0.7.2"
source = "registry+https://github.com/rust-lang/crates.io-index"
checksum = "fa426d9b72a11926b7dbc1667fa3dc81a58e0bb9a65e4944dea68ea8dc18da36"
dependencies = [
 "cookie",
 "httparse",
 "language-tags",
 "log",
 "mime",
 "num_cpus",
 "openssl",
 "rustc-serialize",
 "solicit",
 "time",
 "traitobject",
 "typeable",
 "unicase",
 "url 0.5.5",
]

[[package]]
name = "idna"
version = "0.1.5"
source = "registry+https://github.com/rust-lang/crates.io-index"
checksum = "38f09e0f0b1fb55fdee1f17470ad800da77af5186a1a76c026b679358b7e844e"
dependencies = [
 "matches",
 "unicode-bidi 0.3.18",
 "unicode-normalization",
]

[[package]]
name = "kernel32-sys"
version = "0.2.1"
source = "registry+https://github.com/rust-lang/crates.io-index"
checksum = "b5b5e7edf375e6d26243bde172f1d5ed1446f4a766fc9b7006e1fd27258243f1"
dependencies = [
 "winapi",
 "winapi-build",
]

[[package]]
name = "language-tags"
version = "0.2.2"
source = "registry+https://github.com/rust-lang/crates.io-index"
checksum = "a91d884b6667cd606bb5a69aa0c99ba811a115fc68915e7056ec08a46e93199a"

[[package]]
name = "lazy_static"
version = "0.1.15"
source = "registry+https://github.com/rust-lang/crates.io-index"
checksum = "547fd11b0400fbab39f7a6df53c648cfb01b977233015d9e0784d595a5a6c449"

[[package]]
name = "libc"
version = "0.2.7"
source = "registry+https://github.com/rust-lang/crates.io-index"
checksum = "4870ef6725dde13394134e587e4ab4eca13cb92e916209a31c851b49131d3c75"

[[package]]
name = "libressl-pnacl-sys"
version = "2.1.6"
source = "registry+https://github.com/rust-lang/crates.io-index"
checksum = "cbc058951ab6a3ef35ca16462d7642c4867e6403520811f28537a4e2f2db3e71"
dependencies = [
 "pnacl-build-helper",
]

[[package]]
name = "log"
version = "0.3.5"
source = "registry+https://github.com/rust-lang/crates.io-index"
checksum = "038b5d13189a14e5b6ac384fdb7c691a45ef0885f6d2dddbf422e6c3506b8234"
dependencies = [
 "libc",
]

[[package]]
name = "mac"
version = "0.0.2"
source = "registry+https://github.com/rust-lang/crates.io-index"
checksum = "1b1db08c0d0ddbb591e65f1da58d1cefccc94a2faa0c55bf979ce215a3e04d5e"

[[package]]
name = "matches"
version = "0.1.2"
source = "registry+https://github.com/rust-lang/crates.io-index"
checksum = "15305656809ce5a4805b1ff2946892810992197ce1270ff79baded852187942e"

[[package]]
name = "mime"
version = "0.1.3"
source = "registry+https://github.com/rust-lang/crates.io-index"
checksum = "ec0c2f4d901bf1d4a2192a40b4b570ae3b19c51243e549defc1de741940aa787"
dependencies = [
 "log",
 "serde",
]

[[package]]
name = "num"
version = "0.1.30"
source = "registry+https://github.com/rust-lang/crates.io-index"
checksum = "29a08e74b98b17d5e321c2026fe554777b31904b2da0f9333b80cefc99f0b5ae"

[[package]]
name = "num_cpus"
version = "0.2.10"
source = "registry+https://github.com/rust-lang/crates.io-index"
checksum = "d8662bc744a09992bce099d65444efec4138089edf4f1f3661df0006652a6557"
dependencies = [
 "kernel32-sys",
 "libc",
 "winapi",
]

[[package]]
name = "openssl"
version = "0.7.6"
source = "registry+https://github.com/rust-lang/crates.io-index"
checksum = "76fab993892ca0927a675cf383a0e85a3bc48b978ade0546c43e2ac33af3a74c"
dependencies = [
 "bitflags",
 "gcc",
 "lazy_static",
 "libc",
 "openssl-sys",
 "openssl-sys-extras",
]

[[package]]
name = "openssl-sys"
version = "0.7.6"
source = "registry+https://github.com/rust-lang/crates.io-index"
checksum = "cc149ec0d0fadd9bbc67f1223added508cf0fa69fd26fdf2b9bcaafd2bbaf2be"
dependencies = [
 "gdi32-sys",
 "libc",
 "libressl-pnacl-sys",
 "pkg-config",
 "user32-sys",
]

[[package]]
name = "openssl-sys-extras"
version = "0.7.6"
source = "registry+https://github.com/rust-lang/crates.io-index"
checksum = "6fcbbdb9fa6d8fea8d392f706d4481d4aaf975cbf651292777ef6900e2cf16ea"
dependencies = [
 "gcc",
 "libc",
 "openssl-sys",
]

[[package]]
name = "percent-encoding"
version = "1.0.1"
source = "registry+https://github.com/rust-lang/crates.io-index"
checksum = "31010dd2e1ac33d5b46a5b413495239882813e0369f8ed8a5e266f173602f831"

[[package]]
name = "phf"
version = "0.7.12"
source = "registry+https://github.com/rust-lang/crates.io-index"
checksum = "e5d6fa705b63275f5229fb5c412c91a400a2159ba48d872e0e2acfe2bc508dc8"
dependencies = [
 "phf_shared",
]

[[package]]
name = "phf_codegen"
version = "0.7.12"
source = "registry+https://github.com/rust-lang/crates.io-index"
checksum = "fa597352ce496a7b6279a19acb18b9080c3a397a871933ea74a5ce0a301ec520"
dependencies = [
 "phf_generator",
 "phf_shared",
]

[[package]]
name = "phf_generator"
version = "0.7.12"
source = "registry+https://github.com/rust-lang/crates.io-index"
checksum = "5f391004e8deef0b4e0478eed84a3740f66c84fc99009a5e85dd6c0d4f068ebf"
dependencies = [
 "phf_shared",
 "rand",
]

[[package]]
name = "phf_shared"
version = "0.7.12"
source = "registry+https://github.com/rust-lang/crates.io-index"
checksum = "f48f6906865b071461d118e76dc7ebfd51fd191e39829a2eb76e457fe3c8a0d3"

[[package]]
name = "pkg-config"
version = "0.3.6"
source = "registry+https://github.com/rust-lang/crates.io-index"
checksum = "e22680bde24ca417a3a7fc1036ead9acf0a0af007217c955f61c0eaa903edb2f"

[[package]]
name = "pnacl-build-helper"
version = "1.4.10"
source = "registry+https://github.com/rust-lang/crates.io-index"
checksum = "61c9231d31aea845007443d62fcbb58bb6949ab9c18081ee1e09920e0cf1118b"
dependencies = [
 "tempdir",
]

[[package]]
name = "rand"
version = "0.3.14"
source = "registry+https://github.com/rust-lang/crates.io-index"
checksum = "2791d88c6defac799c3f20d74f094ca33b9332612d9aef9078519c82e4fe04a5"
dependencies = [
 "libc",
]

[[package]]
name = "rustc-serialize"
version = "0.3.18"
source = "registry+https://github.com/rust-lang/crates.io-index"
checksum = "9cf81518cd579f8a9c58c0a71328bdb9be15c754181261da82583092dc8a7ff0"

[[package]]
name = "rustc_version"
version = "0.1.6"
source = "registry+https://github.com/rust-lang/crates.io-index"
checksum = "a2716645bfb54c792fe06a2b857a3fa16c40f3a803b49b799cc04cedd780ab8d"
dependencies = [
 "semver",
]

[[package]]
name = "semver"
version = "0.1.20"
source = "registry+https://github.com/rust-lang/crates.io-index"
checksum = "d4f410fedcf71af0345d7607d246e7ad15faaadd49d240ee3b24e5dc21a820ac"

[[package]]
name = "serde"
version = "0.6.13"
source = "registry+https://github.com/rust-lang/crates.io-index"
checksum = "3a7ac173507e75e294ecf6c3bd2b9e06791650e9e6f0ae73f9073d03606deee4"
dependencies = [
 "num",
]

[[package]]
name = "solicit"
version = "0.4.4"
source = "registry+https://github.com/rust-lang/crates.io-index"
checksum = "172382bac9424588d7840732b250faeeef88942e37b6e35317dce98cafdd75b2"
dependencies = [
 "hpack",
 "log",
]

[[package]]
name = "string_cache"
version = "0.2.9"
source = "registry+https://github.com/rust-lang/crates.io-index"
checksum = "8e4993e353a59c07122f5abde5117e166383166c9e64cbdbc1273c67dc9ac38e"
dependencies = [
 "debug_unreachable",
 "lazy_static",
 "phf_generator",
 "phf_shared",
 "serde",
]

[[package]]
name = "tempdir"
version = "0.3.4"
source = "registry+https://github.com/rust-lang/crates.io-index"
checksum = "0b62933a3f96cd559700662c34f8bab881d9e3540289fb4f368419c7f13a5aa9"
dependencies = [
 "rand",
]

[[package]]
name = "tendril"
version = "0.2.1"
source = "registry+https://github.com/rust-lang/crates.io-index"
checksum = "cccaed12114512c51ccf4b5af9f41916aa26c433ec9bf4728cd293c7f001c813"
dependencies = [
 "encoding",
 "futf",
 "mac",
 "utf-8",
]

[[package]]
name = "time"
version = "0.1.34"
source = "registry+https://github.com/rust-lang/crates.io-index"
checksum = "8c4aeaa1c95974f5763c3a5ac0db95a19793589bcea5d22e161b5587e3aad029"
dependencies = [
 "kernel32-sys",
 "libc",
 "winapi",
]

[[package]]
name = "tinyvec"
version = "1.9.0"
source = "registry+https://github.com/rust-lang/crates.io-index"
checksum = "09b3661f17e86524eccd4371ab0429194e0d7c008abb45f7a7495b1719463c71"
dependencies = [
 "tinyvec_macros",
]

[[package]]
name = "tinyvec_macros"
version = "0.1.1"
source = "registry+https://github.com/rust-lang/crates.io-index"
checksum = "1f3ccbac311fea05f86f61904b462b55fb3df8837a366dfc601a0161d0532f20"

[[package]]
name = "traitobject"
version = "0.0.1"
source = "registry+https://github.com/rust-lang/crates.io-index"
checksum = "07eaeb7689bb7fca7ce15628319635758eda769fed481ecfe6686ddef2600616"

[[package]]
name = "typeable"
version = "0.1.2"
source = "registry+https://github.com/rust-lang/crates.io-index"
checksum = "1410f6f91f21d1612654e7cc69193b0334f909dcf2c790c4826254fbb86f8887"

[[package]]
name = "unicase"
version = "1.2.1"
source = "registry+https://github.com/rust-lang/crates.io-index"
checksum = "bbbfa14335c6eddb72afe538f52cc85da62e21992c26cb13344eabfa00d3db38"
dependencies = [
 "rustc_version",
]

[[package]]
name = "unicode-bidi"
version = "0.2.3"
source = "registry+https://github.com/rust-lang/crates.io-index"
checksum = "c1f7ceb96afdfeedee42bade65a0d585a6a0106f681b6749c8ff4daa8df30b3f"
dependencies = [
 "matches",
]

[[package]]
name = "unicode-bidi"
version = "0.3.18"
source = "registry+https://github.com/rust-lang/crates.io-index"
checksum = "5c1cb5db39152898a79168971543b1cb5020dff7fe43c8dc468b0885f5e29df5"

[[package]]
name = "unicode-normalization"
version = "0.1.24"
source = "registry+https://github.com/rust-lang/crates.io-index"
checksum = "5033c97c4262335cded6d6fc3e5c18ab755e1a3dc96376350f3d8e9f009ad956"
dependencies = [
 "tinyvec",
]

[[package]]
name = "unreachable"
version = "0.1.1"
source = "registry+https://github.com/rust-lang/crates.io-index"
checksum = "1f2ae5ddb18e1c92664717616dd9549dde73f539f01bd7b77c2edb2446bdff91"
dependencies = [
 "void",
]

[[package]]
name = "url"
version = "0.5.5"
source = "registry+https://github.com/rust-lang/crates.io-index"
checksum = "5606e3a3894041e0bd7cf6f1f30e3a5c73f0124ac035964a569c4b115c95fa29"
dependencies = [
 "matches",
 "rustc-serialize",
 "unicode-bidi 0.2.3",
 "unicode-normalization",
 "uuid",
]

[[package]]
name = "url"
version = "1.7.2"
source = "registry+https://github.com/rust-lang/crates.io-index"
checksum = "dd4e7c0d531266369519a4aa4f399d748bd37043b00bde1e4ff1f60a120b355a"
dependencies = [
 "idna",
 "matches",
 "percent-encoding",
]

[[package]]
name = "user32-sys"
version = "0.1.2"
source = "registry+https://github.com/rust-lang/crates.io-index"
checksum = "6717129de5ac253f5642fc78a51d0c7de6f9f53d617fc94e9bae7f6e71cf5504"
dependencies = [
 "winapi",
 "winapi-build",
]

[[package]]
name = "utf-8"
version = "0.6.0"
source = "registry+https://github.com/rust-lang/crates.io-index"
checksum = "a9aee9ba280438b56d1ebc5329f2094f0ff457f811eeeff0b278d75aa99db400"
dependencies = [
 "matches",
]

[[package]]
name = "uuid"
version = "0.1.18"
source = "registry+https://github.com/rust-lang/crates.io-index"
checksum = "78c590b5bd79ed10aad8fb75f078a59d8db445af6c743e55c4a53227fc01c13f"
dependencies = [
 "rand",
 "rustc-serialize",
]

[[package]]
name = "void"
version = "1.0.1"
source = "registry+https://github.com/rust-lang/crates.io-index"
checksum = "bf1a31caf5a37d644b05946ac69108e2b39917aa5c203fd33eaf5b99adf8d2d2"

[[package]]
name = "wikidumpificate"
version = "0.1.0"
dependencies = [
 "html5ever",
 "hyper",
 "string_cache",
 "tendril",
]

[[package]]
name = "winapi"
version = "0.2.5"
source = "registry+https://github.com/rust-lang/crates.io-index"
checksum = "dc3583688b861fcd83c2823d37cf2cd2446c233dd7ba3f97884d1a7302817537"

[[package]]
name = "winapi-build"
version = "0.1.1"
source = "registry+https://github.com/rust-lang/crates.io-index"
checksum = "2d315eee3b34aca4797b2da6b13ed88266e6d612562a0c46390af8299fc699bc"
